
Microsoft Visual Studio Solution File, Format Version 12.00
# Visual Studio Version 16
VisualStudioVersion = 16.0.31105.61
MinimumVisualStudioVersion = 10.0.40219.1
Project("{9A19103F-16F7-4668-BE54-9A1E7A4F7556}") = "AssignmentsManager.API", "AssignmentsManager.API\AssignmentsManager.API.csproj", "{B3994BA2-2862-4D70-9146-1D8F1311854A}"
EndProject
Project("{9A19103F-16F7-4668-BE54-9A1E7A4F7556}") = "AssignmentsManager.Application", "AssignmentsManager.Application\AssignmentsManager.Application.csproj", "{EFE1E0CB-F378-46DE-99E2-A0B8DCE1EF07}"
EndProject
Project("{9A19103F-16F7-4668-BE54-9A1E7A4F7556}") = "AssignmentsManager.Core", "AssignmentsManager.Core\AssignmentsManager.Core.csproj", "{969DA635-E028-4EDC-B480-AA6CB79D7B99}"
EndProject
Project("{9A19103F-16F7-4668-BE54-9A1E7A4F7556}") = "AssignmentsManager.Infra", "AssignmentsManager.Infra\AssignmentsManager.Infra.csproj", "{67E9C55C-2C67-4001-B90E-0EE15FD60A2D}"
EndProject
Global
	GlobalSection(SolutionConfigurationPlatforms) = preSolution
		Debug|Any CPU = Debug|Any CPU
		Release|Any CPU = Release|Any CPU
	EndGlobalSection
	GlobalSection(ProjectConfigurationPlatforms) = postSolution
		{B3994BA2-2862-4D70-9146-1D8F1311854A}.Debug|Any CPU.ActiveCfg = Debug|Any CPU
		{B3994BA2-2862-4D70-9146-1D8F1311854A}.Debug|Any CPU.Build.0 = Debug|Any CPU
		{B3994BA2-2862-4D70-9146-1D8F1311854A}.Release|Any CPU.ActiveCfg = Release|Any CPU
		{B3994BA2-2862-4D70-9146-1D8F1311854A}.Release|Any CPU.Build.0 = Release|Any CPU
		{EFE1E0CB-F378-46DE-99E2-A0B8DCE1EF07}.Debug|Any CPU.ActiveCfg = Debug|Any CPU
		{EFE1E0CB-F378-46DE-99E2-A0B8DCE1EF07}.Debug|Any CPU.Build.0 = Debug|Any CPU
		{EFE1E0CB-F378-46DE-99E2-A0B8DCE1EF07}.Release|Any CPU.ActiveCfg = Release|Any CPU
		{EFE1E0CB-F378-46DE-99E2-A0B8DCE1EF07}.Release|Any CPU.Build.0 = Release|Any CPU
		{969DA635-E028-4EDC-B480-AA6CB79D7B99}.Debug|Any CPU.ActiveCfg = Debug|Any CPU
		{969DA635-E028-4EDC-B480-AA6CB79D7B99}.Debug|Any CPU.Build.0 = Debug|Any CPU
		{969DA635-E028-4EDC-B480-AA6CB79D7B99}.Release|Any CPU.ActiveCfg = Release|Any CPU
		{969DA635-E028-4EDC-B480-AA6CB79D7B99}.Release|Any CPU.Build.0 = Release|Any CPU
		{67E9C55C-2C67-4001-B90E-0EE15FD60A2D}.Debug|Any CPU.ActiveCfg = Debug|Any CPU
		{67E9C55C-2C67-4001-B90E-0EE15FD60A2D}.Debug|Any CPU.Build.0 = Debug|Any CPU
		{67E9C55C-2C67-4001-B90E-0EE15FD60A2D}.Release|Any CPU.ActiveCfg = Release|Any CPU
		{67E9C55C-2C67-4001-B90E-0EE15FD60A2D}.Release|Any CPU.Build.0 = Release|Any CPU
	EndGlobalSection
	GlobalSection(SolutionProperties) = preSolution
		HideSolutionNode = FALSE
	EndGlobalSection
	GlobalSection(ExtensibilityGlobals) = postSolution
		SolutionGuid = {C0593BBF-6ECD-45DC-B011-0B6B735954F1}
	EndGlobalSection
EndGlobal
